
Microsoft Visual Studio Solution File, Format Version 12.00
# Visual Studio Version 17
VisualStudioVersion = 17.8.34316.72
MinimumVisualStudioVersion = 10.0.40219.1
Project("{FAE04EC0-301F-11D3-BF4B-00C04F79EFBC}") = "ListBoxes", "ListBoxes.csproj", "{5ACC0C9D-5F71-4B88-8F04-21C5E75B460A}"
EndProject
Global
	GlobalSection(SolutionConfigurationPlatforms) = preSolution
		Debug|Any CPU = Debug|Any CPU
		Release|Any CPU = Release|Any CPU
	EndGlobalSection
	GlobalSection(ProjectConfigurationPlatforms) = postSolution
		{5ACC0C9D-5F71-4B88-8F04-21C5E75B460A}.Debug|Any CPU.ActiveCfg = Debug|Any CPU
		{5ACC0C9D-5F71-4B88-8F04-21C5E75B460A}.Debug|Any CPU.Build.0 = Debug|Any CPU
		{5ACC0C9D-5F71-4B88-8F04-21C5E75B460A}.Release|Any CPU.ActiveCfg = Release|Any CPU
		{5ACC0C9D-5F71-4B88-8F04-21C5E75B460A}.Release|Any CPU.Build.0 = Release|Any CPU
	EndGlobalSection
	GlobalSection(SolutionProperties) = preSolution
		HideSolutionNode = FALSE
	EndGlobalSection
	GlobalSection(ExtensibilityGlobals) = postSolution
		SolutionGuid = {67E3D9B2-7C4F-4C89-BF3D-C278B27136F7}
	EndGlobalSection
EndGlobal
